
Microsoft Visual Studio Solution File, Format Version 12.00
# Visual Studio Version 16
VisualStudioVersion = 16.0.30104.148
MinimumVisualStudioVersion = 10.0.40219.1
Project("{FAE04EC0-301F-11D3-BF4B-00C04F79EFBC}") = "RockstarDev.LndGrpc", "RockstarDev.LndGrpc\RockstarDev.LndGrpc.csproj", "{AAAEE8EC-95FA-4873-9581-757B5C41D426}"
EndProject
Global
	GlobalSection(SolutionConfigurationPlatforms) = preSolution
		Debug|Any CPU = Debug|Any CPU
		Release|Any CPU = Release|Any CPU
	EndGlobalSection
	GlobalSection(ProjectConfigurationPlatforms) = postSolution
		{AAAEE8EC-95FA-4873-9581-757B5C41D426}.Debug|Any CPU.ActiveCfg = Debug|Any CPU
		{AAAEE8EC-95FA-4873-9581-757B5C41D426}.Debug|Any CPU.Build.0 = Debug|Any CPU
		{AAAEE8EC-95FA-4873-9581-757B5C41D426}.Release|Any CPU.ActiveCfg = Release|Any CPU
		{AAAEE8EC-95FA-4873-9581-757B5C41D426}.Release|Any CPU.Build.0 = Release|Any CPU
	EndGlobalSection
	GlobalSection(SolutionProperties) = preSolution
		HideSolutionNode = FALSE
	EndGlobalSection
	GlobalSection(ExtensibilityGlobals) = postSolution
		SolutionGuid = {3E9C7A9C-1BF6-4169-A630-51758D7CB97F}
	EndGlobalSection
EndGlobal
